
Microsoft Visual Studio Solution File, Format Version 12.00
# Visual Studio Version 17
VisualStudioVersion = 17.2.32630.192
MinimumVisualStudioVersion = 10.0.40219.1
Project("{FAE04EC0-301F-11D3-BF4B-00C04F79EFBC}") = "HelloWorld", "HelloWorld\HelloWorld.csproj", "{D96D28B5-3BC5-482A-8501-8EF61B926E18}"
EndProject
Global
	GlobalSection(SolutionConfigurationPlatforms) = preSolution
		Debug|Any CPU = Debug|Any CPU
		Release|Any CPU = Release|Any CPU
	EndGlobalSection
	GlobalSection(ProjectConfigurationPlatforms) = postSolution
		{D96D28B5-3BC5-482A-8501-8EF61B926E18}.Debug|Any CPU.ActiveCfg = Debug|Any CPU
		{D96D28B5-3BC5-482A-8501-8EF61B926E18}.Debug|Any CPU.Build.0 = Debug|Any CPU
		{D96D28B5-3BC5-482A-8501-8EF61B926E18}.Release|Any CPU.ActiveCfg = Release|Any CPU
		{D96D28B5-3BC5-482A-8501-8EF61B926E18}.Release|Any CPU.Build.0 = Release|Any CPU
	EndGlobalSection
	GlobalSection(SolutionProperties) = preSolution
		HideSolutionNode = FALSE
	EndGlobalSection
	GlobalSection(ExtensibilityGlobals) = postSolution
		SolutionGuid = {20F5AEE0-64C2-401B-A961-E0CCB12BDFCD}
	EndGlobalSection
EndGlobal
